// !$*UTF8*$!
{
	archiveVersion = 1;
	classes = {
	};
	objectVersion = 46;
	objects = {

/* Begin PBXBuildFile section */
		B243992C1A37E29C0085C829 /* main.m in Sources */ = {isa = PBXBuildFile; fileRef = B243992B1A37E29C0085C829 /* main.m */; };
		B243992F1A37E29C0085C829 /* AppDelegate.m in Sources */ = {isa = PBXBuildFile; fileRef = B243992E1A37E29C0085C829 /* AppDelegate.m */; };
		B24399321A37E29C0085C829 /* ViewController.m in Sources */ = {isa = PBXBuildFile; fileRef = B24399311A37E29C0085C829 /* ViewController.m */; };
		B24399351A37E29C0085C829 /* Main.storyboard in Resources */ = {isa = PBXBuildFile; fileRef = B24399331A37E29C0085C829 /* Main.storyboard */; };
		B24399371A37E29C0085C829 /* Images.xcassets in Resources */ = {isa = PBXBuildFile; fileRef = B24399361A37E29C0085C829 /* Images.xcassets */; };
		B243993A1A37E29C0085C829 /* LaunchScreen.xib in Resources */ = {isa = PBXBuildFile; fileRef = B24399381A37E29C0085C829 /* LaunchScreen.xib */; };
		B24399461A37E29D0085C829 /* BaseTests.m in Sources */ = {isa = PBXBuildFile; fileRef = B24399451A37E29D0085C829 /* BaseTests.m */; };
/* End PBXBuildFile section */

/* Begin PBXContainerItemProxy section */
		B24399401A37E29D0085C829 /* PBXContainerItemProxy */ = {
			isa = PBXContainerItemProxy;
			containerPortal = B243991E1A37E29C0085C829 /* Project object */;
			proxyType = 1;
			remoteGlobalIDString = B24399251A37E29C0085C829;
			remoteInfo = Base;
		};
/* End PBXContainerItemProxy section */

/* Begin PBXFileReference section */
		B24399261A37E29C0085C829 /* Base.app */ = {isa = PBXFileReference; explicitFileType = wrapper.application; includeInIndex = 0; path = Base.app; sourceTree = BUILT_PRODUCTS_DIR; };
		B243992A1A37E29C0085C829 /* Info.plist */ = {isa = PBXFileReference; lastKnownFileType = text.plist.xml; path = Info.plist; sourceTree = "<group>"; };
		B243992B1A37E29C0085C829 /* main.m */ = {isa = PBXFileReference; lastKnownFileType = sourcecode.c.objc; path = main.m; sourceTree = "<group>"; };
		B243992D1A37E29C0085C829 /* AppDelegate.h */ = {isa = PBXFileReference; lastKnownFileType = sourcecode.c.h; path = AppDelegate.h; sourceTree = "<group>"; };
		B243992E1A37E29C0085C829 /* AppDelegate.m */ = {isa = PBXFileReference; lastKnownFileType = sourcecode.c.objc; path = AppDelegate.m; sourceTree = "<group>"; };
		B24399301A37E29C0085C829 /* ViewController.h */ = {isa = PBXFileReference; lastKnownFileType = sourcecode.c.h; path = ViewController.h; sourceTree = "<group>"; };
		B24399311A37E29C0085C829 /* ViewController.m */ = {isa = PBXFileReference; lastKnownFileType = sourcecode.c.objc; path = ViewController.m; sourceTree = "<group>"; };
		B24399341A37E29C0085C829 /* Base */ = {isa = PBXFileReference; lastKnownFileType = file.storyboard; name = Base; path = Base.lproj/Main.storyboard; sourceTree = "<group>"; };
		B24399361A37E29C0085C829 /* Images.xcassets */ = {isa = PBXFileReference; lastKnownFileType = folder.assetcatalog; path = Images.xcassets; sourceTree = "<group>"; };
		B24399391A37E29C0085C829 /* Base */ = {isa = PBXFileReference; lastKnownFileType = file.xib; name = Base; path = Base.lproj/LaunchScreen.xib; sourceTree = "<group>"; };
		B243993F1A37E29D0085C829 /* BaseTests.xctest */ = {isa = PBXFileReference; explicitFileType = wrapper.cfbundle; includeInIndex = 0; path = BaseTests.xctest; sourceTree = BUILT_PRODUCTS_DIR; };
		B24399441A37E29D0085C829 /* Info.plist */ = {isa = PBXFileReference; lastKnownFileType = text.plist.xml; path = Info.plist; sourceTree = "<group>"; };
		B24399451A37E29D0085C829 /* BaseTests.m */ = {isa = PBXFileReference; lastKnownFileType = sourcecode.c.objc; path = BaseTests.m; sourceTree = "<group>"; };
/* End PBXFileReference section */

/* Begin PBXFrameworksBuildPhase section */
		B24399231A37E29C0085C829 /* Frameworks */ = {
			isa = PBXFrameworksBuildPhase;
			buildActionMask = 2147483647;
			files = (
			);
			runOnlyForDeploymentPostprocessing = 0;
		};
		B243993C1A37E29D0085C829 /* Frameworks */ = {
			isa = PBXFrameworksBuildPhase;
			buildActionMask = 2147483647;
			files = (
			);
			runOnlyForDeploymentPostprocessing = 0;
		};
/* End PBXFrameworksBuildPhase section */

/* Begin PBXGroup section */
		B243991D1A37E29C0085C829 = {
			isa = PBXGroup;
			children = (
				B24399281A37E29C0085C829 /* Base */,
				B24399421A37E29D0085C829 /* BaseTests */,
				B24399271A37E29C0085C829 /* Products */,
			);
			sourceTree = "<group>";
		};
		B24399271A37E29C0085C829 /* Products */ = {
			isa = PBXGroup;
			children = (
				B24399261A37E29C0085C829 /* Base.app */,
				B243993F1A37E29D0085C829 /* BaseTests.xctest */,
			);
			name = Products;
			sourceTree = "<group>";
		};
		B24399281A37E29C0085C829 /* Base */ = {
			isa = PBXGroup;
			children = (
				B243992D1A37E29C0085C829 /* AppDelegate.h */,
				B243992E1A37E29C0085C829 /* AppDelegate.m */,
				B24399301A37E29C0085C829 /* ViewController.h */,
				B24399311A37E29C0085C829 /* ViewController.m */,
				B24399331A37E29C0085C829 /* Main.storyboard */,
				B24399361A37E29C0085C829 /* Images.xcassets */,
				B24399381A37E29C0085C829 /* LaunchScreen.xib */,
				B24399291A37E29C0085C829 /* Supporting Files */,
			);
			path = Base;
			sourceTree = "<group>";
		};
		B24399291A37E29C0085C829 /* Supporting Files */ = {
			isa = PBXGroup;
			children = (
				B243992A1A37E29C0085C829 /* Info.plist */,
				B243992B1A37E29C0085C829 /* main.m */,
			);
			name = "Supporting Files";
			sourceTree = "<group>";
		};
		B24399421A37E29D0085C829 /* BaseTests */ = {
			isa = PBXGroup;
			children = (
				B24399451A37E29D0085C829 /* BaseTests.m */,
				B24399431A37E29D0085C829 /* Supporting Files */,
			);
			path = BaseTests;
			sourceTree = "<group>";
		};
		B24399431A37E29D0085C829 /* Supporting Files */ = {
			isa = PBXGroup;
			children = (
				B24399441A37E29D0085C829 /* Info.plist */,
			);
			name = "Supporting Files";
			sourceTree = "<group>";
		};
/* End PBXGroup section */

/* Begin PBXNativeTarget section */
		B24399251A37E29C0085C829 /* Base */ = {
			isa = PBXNativeTarget;
			buildConfigurationList = B24399491A37E29D0085C829 /* Build configuration list for PBXNativeTarget "Base" */;
			buildPhases = (
				B24399221A37E29C0085C829 /* Sources */,
				B24399231A37E29C0085C829 /* Frameworks */,
				B24399241A37E29C0085C829 /* Resources */,
			);
			buildRules = (
			);
			dependencies = (
			);
			name = Base;
			productName = Base;
			productReference = B24399261A37E29C0085C829 /* Base.app */;
			productType = "com.apple.product-type.application";
		};
		B243993E1A37E29D0085C829 /* BaseTests */ = {
			isa = PBXNativeTarget;
			buildConfigurationList = B243994C1A37E29D0085C829 /* Build configuration list for PBXNativeTarget "BaseTests" */;
			buildPhases = (
				B243993B1A37E29D0085C829 /* Sources */,
				B243993C1A37E29D0085C829 /* Frameworks */,
				B243993D1A37E29D0085C829 /* Resources */,
			);
			buildRules = (
			);
			dependencies = (
				B24399411A37E29D0085C829 /* PBXTargetDependency */,
			);
			name = BaseTests;
			productName = BaseTests;
			productReference = B243993F1A37E29D0085C829 /* BaseTests.xctest */;
			productType = "com.apple.product-type.bundle.unit-test";
		};
/* End PBXNativeTarget section */

/* Begin PBXProject section */
		B243991E1A37E29C0085C829 /* Project object */ = {
			isa = PBXProject;
			attributes = {
				LastUpgradeCheck = 0610;
				ORGANIZATIONNAME = zoyu;
				TargetAttributes = {
					B24399251A37E29C0085C829 = {
						CreatedOnToolsVersion = 6.1;
					};
					B243993E1A37E29D0085C829 = {
						CreatedOnToolsVersion = 6.1;
						TestTargetID = B24399251A37E29C0085C829;
					};
				};
			};
			buildConfigurationList = B24399211A37E29C0085C829 /* Build configuration list for PBXProject "Base" */;
			compatibilityVersion = "Xcode 3.2";
			developmentRegion = English;
			hasScannedForEncodings = 0;
			knownRegions = (
				en,
				Base,
			);
			mainGroup = B243991D1A37E29C0085C829;
			productRefGroup = B24399271A37E29C0085C829 /* Products */;
			projectDirPath = "";
			projectRoot = "";
			targets = (
				B24399251A37E29C0085C829 /* Base */,
				B243993E1A37E29D0085C829 /* BaseTests */,
			);
		};
/* End PBXProject section */

/* Begin PBXResourcesBuildPhase section */
		B24399241A37E29C0085C829 /* Resources */ = {
			isa = PBXResourcesBuildPhase;
			buildActionMask = 2147483647;
			files = (
				B24399351A37E29C0085C829 /* Main.storyboard in Resources */,
				B243993A1A37E29C0085C829 /* LaunchScreen.xib in Resources */,
				B24399371A37E29C0085C829 /* Images.xcassets in Resources */,
			);
			runOnlyForDeploymentPostprocessing = 0;
		};
		B243993D1A37E29D0085C829 /* Resources */ = {
			isa = PBXResourcesBuildPhase;
			buildActionMask = 2147483647;
			files = (
			);
			runOnlyForDeploymentPostprocessing = 0;
		};
/* End PBXResourcesBuildPhase section */

/* Begin PBXSourcesBuildPhase section */
		B24399221A37E29C0085C829 /* Sources */ = {
			isa = PBXSourcesBuildPhase;
			buildActionMask = 2147483647;
			files = (
				B24399321A37E29C0085C829 /* ViewController.m in Sources */,
				B243992F1A37E29C0085C829 /* AppDelegate.m in Sources */,
				B243992C1A37E29C0085C829 /* main.m in Sources */,
			);
			runOnlyForDeploymentPostprocessing = 0;
		};
		B243993B1A37E29D0085C829 /* Sources */ = {
			isa = PBXSourcesBuildPhase;
			buildActionMask = 2147483647;
			files = (
				B24399461A37E29D0085C829 /* BaseTests.m in Sources */,
			);
			runOnlyForDeploymentPostprocessing = 0;
		};
/* End PBXSourcesBuildPhase section */

/* Begin PBXTargetDependency section */
		B24399411A37E29D0085C829 /* PBXTargetDependency */ = {
			isa = PBXTargetDependency;
			target = B24399251A37E29C0085C829 /* Base */;
			targetProxy = B24399401A37E29D0085C829 /* PBXContainerItemProxy */;
		};
/* End PBXTargetDependency section */

/* Begin PBXVariantGroup section */
		B24399331A37E29C0085C829 /* Main.storyboard */ = {
			isa = PBXVariantGroup;
			children = (
				B24399341A37E29C0085C829 /* Base */,
			);
			name = Main.storyboard;
			sourceTree = "<group>";
		};
		B24399381A37E29C0085C829 /* LaunchScreen.xib */ = {
			isa = PBXVariantGroup;
			children = (
				B24399391A37E29C0085C829 /* Base */,
			);
			name = LaunchScreen.xib;
			sourceTree = "<group>";
		};
/* End PBXVariantGroup section */

/* Begin XCBuildConfiguration section */
		B24399471A37E29D0085C829 /* Debug */ = {
			isa = XCBuildConfiguration;
			buildSettings = {
				ALWAYS_SEARCH_USER_PATHS = NO;
				CLANG_CXX_LANGUAGE_STANDARD = "gnu++0x";
				CLANG_CXX_LIBRARY = "libc++";
				CLANG_ENABLE_MODULES = YES;
				CLANG_ENABLE_OBJC_ARC = YES;
				CLANG_WARN_BOOL_CONVERSION = YES;
				CLANG_WARN_CONSTANT_CONVERSION = YES;
				CLANG_WARN_DIRECT_OBJC_ISA_USAGE = YES_ERROR;
				CLANG_WARN_EMPTY_BODY = YES;
				CLANG_WARN_ENUM_CONVERSION = YES;
				CLANG_WARN_INT_CONVERSION = YES;
				CLANG_WARN_OBJC_ROOT_CLASS = YES_ERROR;
				CLANG_WARN_UNREACHABLE_CODE = YES;
				CLANG_WARN__DUPLICATE_METHOD_MATCH = YES;
				"CODE_SIGN_IDENTITY[sdk=iphoneos*]" = "iPhone Developer";
				COPY_PHASE_STRIP = NO;
				ENABLE_STRICT_OBJC_MSGSEND = YES;
				GCC_C_LANGUAGE_STANDARD = gnu99;
				GCC_DYNAMIC_NO_PIC = NO;
				GCC_OPTIMIZATION_LEVEL = 0;
				GCC_PREPROCESSOR_DEFINITIONS = (
					"DEBUG=1",
					"$(inherited)",
				);
				GCC_SYMBOLS_PRIVATE_EXTERN = NO;
				GCC_WARN_64_TO_32_BIT_CONVERSION = YES;
				GCC_WARN_ABOUT_RETURN_TYPE = YES_ERROR;
				GCC_WARN_UNDECLARED_SELECTOR = YES;
				GCC_WARN_UNINITIALIZED_AUTOS = YES_AGGRESSIVE;
				GCC_WARN_UNUSED_FUNCTION = YES;
				GCC_WARN_UNUSED_VARIABLE = YES;
				IPHONEOS_DEPLOYMENT_TARGET = 8.1;
				MTL_ENABLE_DEBUG_INFO = YES;
				ONLY_ACTIVE_ARCH = YES;
				SDKROOT = iphoneos;
			};
			name = Debug;
		};
		B24399481A37E29D0085C829 /* Release */ = {
			isa = XCBuildConfiguration;
			buildSettings = {
				ALWAYS_SEARCH_USER_PATHS = NO;
				CLANG_CXX_LANGUAGE_STANDARD = "gnu++0x";
				CLANG_CXX_LIBRARY = "libc++";
				CLANG_ENABLE_MODULES = YES;
				CLANG_ENABLE_OBJC_ARC = YES;
				CLANG_WARN_BOOL_CONVERSION = YES;
				CLANG_WARN_CONSTANT_CONVERSION = YES;
				CLANG_WARN_DIRECT_OBJC_ISA_USAGE = YES_ERROR;
				CLANG_WARN_EMPTY_BODY = YES;
				CLANG_WARN_ENUM_CONVERSION = YES;
				CLANG_WARN_INT_CONVERSION = YES;
				CLANG_WARN_OBJC_ROOT_CLASS = YES_ERROR;
				CLANG_WARN_UNREACHABLE_CODE = YES;
				CLANG_WARN__DUPLICATE_METHOD_MATCH = YES;
				"CODE_SIGN_IDENTITY[sdk=iphoneos*]" = "iPhone Developer";
				COPY_PHASE_STRIP = YES;
				ENABLE_NS_ASSERTIONS = NO;
				ENABLE_STRICT_OBJC_MSGSEND = YES;
				GCC_C_LANGUAGE_STANDARD = gnu99;
				GCC_WARN_64_TO_32_BIT_CONVERSION = YES;
				GCC_WARN_ABOUT_RETURN_TYPE = YES_ERROR;
				GCC_WARN_UNDECLARED_SELECTOR = YES;
				GCC_WARN_UNINITIALIZED_AUTOS = YES_AGGRESSIVE;
				GCC_WARN_UNUSED_FUNCTION = YES;
				GCC_WARN_UNUSED_VARIABLE = YES;
				IPHONEOS_DEPLOYMENT_TARGET = 8.1;
				MTL_ENABLE_DEBUG_INFO = NO;
				SDKROOT = iphoneos;
				VALIDATE_PRODUCT = YES;
			};
			name = Release;
		};
		B243994A1A37E29D0085C829 /* Debug */ = {
			isa = XCBuildConfiguration;
			buildSettings = {
				ASSETCATALOG_COMPILER_APPICON_NAME = AppIcon;
				INFOPLIST_FILE = Base/Info.plist;
				LD_RUNPATH_SEARCH_PATHS = "$(inherited) @executable_path/Frameworks";
				PRODUCT_NAME = "$(TARGET_NAME)";
			};
			name = Debug;
		};
		B243994B1A37E29D0085C829 /* Release */ = {
			isa = XCBuildConfiguration;
			buildSettings = {
				ASSETCATALOG_COMPILER_APPICON_NAME = AppIcon;
				INFOPLIST_FILE = Base/Info.plist;
				LD_RUNPATH_SEARCH_PATHS = "$(inherited) @executable_path/Frameworks";
				PRODUCT_NAME = "$(TARGET_NAME)";
			};
			name = Release;
		};
		B243994D1A37E29D0085C829 /* Debug */ = {
			isa = XCBuildConfiguration;
			buildSettings = {
				BUNDLE_LOADER = "$(TEST_HOST)";
				FRAMEWORK_SEARCH_PATHS = (
					"$(SDKROOT)/Developer/Library/Frameworks",
					"$(inherited)",
				);
				GCC_PREPROCESSOR_DEFINITIONS = (
					"DEBUG=1",
					"$(inherited)",
				);
				INFOPLIST_FILE = BaseTests/Info.plist;
				LD_RUNPATH_SEARCH_PATHS = "$(inherited) @executable_path/Frameworks @loader_path/Frameworks";
				PRODUCT_NAME = "$(TARGET_NAME)";
				TEST_HOST = "$(BUILT_PRODUCTS_DIR)/Base.app/Base";
			};
			name = Debug;
		};
		B243994E1A37E29D0085C829 /* Release */ = {
			isa = XCBuildConfiguration;
			buildSettings = {
				BUNDLE_LOADER = "$(TEST_HOST)";
				FRAMEWORK_SEARCH_PATHS = (
					"$(SDKROOT)/Developer/Library/Frameworks",
					"$(inherited)",
				);
				INFOPLIST_FILE = BaseTests/Info.plist;
				LD_RUNPATH_SEARCH_PATHS = "$(inherited) @executable_path/Frameworks @loader_path/Frameworks";
				PRODUCT_NAME = "$(TARGET_NAME)";
				TEST_HOST = "$(BUILT_PRODUCTS_DIR)/Base.app/Base";
			};
			name = Release;
		};
/* End XCBuildConfiguration section */

/* Begin XCConfigurationList section */
		B24399211A37E29C0085C829 /* Build configuration list for PBXProject "Base" */ = {
			isa = XCConfigurationList;
			buildConfigurations = (
				B24399471A37E29D0085C829 /* Debug */,
				B24399481A37E29D0085C829 /* Release */,
			);
			defaultConfigurationIsVisible = 0;
			defaultConfigurationName = Release;
		};
		B24399491A37E29D0085C829 /* Build configuration list for PBXNativeTarget "Base" */ = {
			isa = XCConfigurationList;
			buildConfigurations = (
				B243994A1A37E29D0085C829 /* Debug */,
				B243994B1A37E29D0085C829 /* Release */,
			);
			defaultConfigurationIsVisible = 0;
		};
		B243994C1A37E29D0085C829 /* Build configuration list for PBXNativeTarget "BaseTests" */ = {
			isa = XCConfigurationList;
			buildConfigurations = (
				B243994D1A37E29D0085C829 /* Debug */,
				B243994E1A37E29D0085C829 /* Release */,
			);
			defaultConfigurationIsVisible = 0;
		};
/* End XCConfigurationList section */
	};
	rootObject = B243991E1A37E29C0085C829 /* Project object */;
}
